// !$*UTF8*$!
{
	archiveVersion = 1;
	classes = {
	};
	objectVersion = 50;
	objects = {

/* Begin PBXBuildFile section */
		6EC15895261D2CFD002A7826 /* HelloApp.swift in Sources */ = {isa = PBXBuildFile; fileRef = 6EC15894261D2CFD002A7826 /* HelloApp.swift */; };
		6EC15897261D2CFD002A7826 /* ContentView.swift in Sources */ = {isa = PBXBuildFile; fileRef = 6EC15896261D2CFD002A7826 /* ContentView.swift */; };
		6EC15899261D2CFD002A7826 /* Assets.xcassets in Resources */ = {isa = PBXBuildFile; fileRef = 6EC15898261D2CFD002A7826 /* Assets.xcassets */; };
		6EC1589C261D2CFD002A7826 /* Preview Assets.xcassets in Resources */ = {isa = PBXBuildFile; fileRef = 6EC1589B261D2CFD002A7826 /* Preview Assets.xcassets */; };
		6EC158A7261D2CFE002A7826 /* HelloTests.swift in Sources */ = {isa = PBXBuildFile; fileRef = 6EC158A6261D2CFE002A7826 /* HelloTests.swift */; };
		6EC158B2261D2CFE002A7826 /* HelloUITests.swift in Sources */ = {isa = PBXBuildFile; fileRef = 6EC158B1261D2CFE002A7826 /* HelloUITests.swift */; };
/* End PBXBuildFile section */

/* Begin PBXContainerItemProxy section */
		6EC158A3261D2CFE002A7826 /* PBXContainerItemProxy */ = {
			isa = PBXContainerItemProxy;
			containerPortal = 6EC15889261D2CFD002A7826 /* Project object */;
			proxyType = 1;
			remoteGlobalIDString = 6EC15890261D2CFD002A7826;
			remoteInfo = Hello;
		};
		6EC158AE261D2CFE002A7826 /* PBXContainerItemProxy */ = {
			isa = PBXContainerItemProxy;
			containerPortal = 6EC15889261D2CFD002A7826 /* Project object */;
			proxyType = 1;
			remoteGlobalIDString = 6EC15890261D2CFD002A7826;
			remoteInfo = Hello;
		};
/* End PBXContainerItemProxy section */

/* Begin PBXFileReference section */
		6EC15891261D2CFD002A7826 /* Hello.app */ = {isa = PBXFileReference; explicitFileType = wrapper.application; includeInIndex = 0; path = Hello.app; sourceTree = BUILT_PRODUCTS_DIR; };
		6EC15894261D2CFD002A7826 /* HelloApp.swift */ = {isa = PBXFileReference; lastKnownFileType = sourcecode.swift; path = HelloApp.swift; sourceTree = "<group>"; };
		6EC15896261D2CFD002A7826 /* ContentView.swift */ = {isa = PBXFileReference; lastKnownFileType = sourcecode.swift; path = ContentView.swift; sourceTree = "<group>"; };
		6EC15898261D2CFD002A7826 /* Assets.xcassets */ = {isa = PBXFileReference; lastKnownFileType = folder.assetcatalog; path = Assets.xcassets; sourceTree = "<group>"; };
		6EC1589B261D2CFD002A7826 /* Preview Assets.xcassets */ = {isa = PBXFileReference; lastKnownFileType = folder.assetcatalog; path = "Preview Assets.xcassets"; sourceTree = "<group>"; };
		6EC1589D261D2CFD002A7826 /* Info.plist */ = {isa = PBXFileReference; lastKnownFileType = text.plist.xml; path = Info.plist; sourceTree = "<group>"; };
		6EC158A2261D2CFE002A7826 /* HelloTests.xctest */ = {isa = PBXFileReference; explicitFileType = wrapper.cfbundle; includeInIndex = 0; path = HelloTests.xctest; sourceTree = BUILT_PRODUCTS_DIR; };
		6EC158A6261D2CFE002A7826 /* HelloTests.swift */ = {isa = PBXFileReference; lastKnownFileType = sourcecode.swift; path = HelloTests.swift; sourceTree = "<group>"; };
		6EC158A8261D2CFE002A7826 /* Info.plist */ = {isa = PBXFileReference; lastKnownFileType = text.plist.xml; path = Info.plist; sourceTree = "<group>"; };
		6EC158AD261D2CFE002A7826 /* HelloUITests.xctest */ = {isa = PBXFileReference; explicitFileType = wrapper.cfbundle; includeInIndex = 0; path = HelloUITests.xctest; sourceTree = BUILT_PRODUCTS_DIR; };
		6EC158B1261D2CFE002A7826 /* HelloUITests.swift */ = {isa = PBXFileReference; lastKnownFileType = sourcecode.swift; path = HelloUITests.swift; sourceTree = "<group>"; };
		6EC158B3261D2CFE002A7826 /* Info.plist */ = {isa = PBXFileReference; lastKnownFileType = text.plist.xml; path = Info.plist; sourceTree = "<group>"; };
/* End PBXFileReference section */

/* Begin PBXFrameworksBuildPhase section */
		6EC1588E261D2CFD002A7826 /* Frameworks */ = {
			isa = PBXFrameworksBuildPhase;
			buildActionMask = 2147483647;
			files = (
			);
			runOnlyForDeploymentPostprocessing = 0;
		};
		6EC1589F261D2CFE002A7826 /* Frameworks */ = {
			isa = PBXFrameworksBuildPhase;
			buildActionMask = 2147483647;
			files = (
			);
			runOnlyForDeploymentPostprocessing = 0;
		};
		6EC158AA261D2CFE002A7826 /* Frameworks */ = {
			isa = PBXFrameworksBuildPhase;
			buildActionMask = 2147483647;
			files = (
			);
			runOnlyForDeploymentPostprocessing = 0;
		};
/* End PBXFrameworksBuildPhase section */

/* Begin PBXGroup section */
		6EC15888261D2CFD002A7826 = {
			isa = PBXGroup;
			children = (
				6EC15893261D2CFD002A7826 /* Hello */,
				6EC158A5261D2CFE002A7826 /* HelloTests */,
				6EC158B0261D2CFE002A7826 /* HelloUITests */,
				6EC15892261D2CFD002A7826 /* Products */,
			);
			sourceTree = "<group>";
		};
		6EC15892261D2CFD002A7826 /* Products */ = {
			isa = PBXGroup;
			children = (
				6EC15891261D2CFD002A7826 /* Hello.app */,
				6EC158A2261D2CFE002A7826 /* HelloTests.xctest */,
				6EC158AD261D2CFE002A7826 /* HelloUITests.xctest */,
			);
			name = Products;
			sourceTree = "<group>";
		};
		6EC15893261D2CFD002A7826 /* Hello */ = {
			isa = PBXGroup;
			children = (
				6EC15894261D2CFD002A7826 /* HelloApp.swift */,
				6EC15896261D2CFD002A7826 /* ContentView.swift */,
				6EC15898261D2CFD002A7826 /* Assets.xcassets */,
				6EC1589D261D2CFD002A7826 /* Info.plist */,
				6EC1589A261D2CFD002A7826 /* Preview Content */,
			);
			path = Hello;
			sourceTree = "<group>";
		};
		6EC1589A261D2CFD002A7826 /* Preview Content */ = {
			isa = PBXGroup;
			children = (
				6EC1589B261D2CFD002A7826 /* Preview Assets.xcassets */,
			);
			path = "Preview Content";
			sourceTree = "<group>";
		};
		6EC158A5261D2CFE002A7826 /* HelloTests */ = {
			isa = PBXGroup;
			children = (
				6EC158A6261D2CFE002A7826 /* HelloTests.swift */,
				6EC158A8261D2CFE002A7826 /* Info.plist */,
			);
			path = HelloTests;
			sourceTree = "<group>";
		};
		6EC158B0261D2CFE002A7826 /* HelloUITests */ = {
			isa = PBXGroup;
			children = (
				6EC158B1261D2CFE002A7826 /* HelloUITests.swift */,
				6EC158B3261D2CFE002A7826 /* Info.plist */,
			);
			path = HelloUITests;
			sourceTree = "<group>";
		};
/* End PBXGroup section */

/* Begin PBXNativeTarget section */
		6EC15890261D2CFD002A7826 /* Hello */ = {
			isa = PBXNativeTarget;
			buildConfigurationList = 6EC158B6261D2CFE002A7826 /* Build configuration list for PBXNativeTarget "Hello" */;
			buildPhases = (
				6EC1588D261D2CFD002A7826 /* Sources */,
				6EC1588E261D2CFD002A7826 /* Frameworks */,
				6EC1588F261D2CFD002A7826 /* Resources */,
			);
			buildRules = (
			);
			dependencies = (
			);
			name = Hello;
			productName = Hello;
			productReference = 6EC15891261D2CFD002A7826 /* Hello.app */;
			productType = "com.apple.product-type.application";
		};
		6EC158A1261D2CFE002A7826 /* HelloTests */ = {
			isa = PBXNativeTarget;
			buildConfigurationList = 6EC158B9261D2CFE002A7826 /* Build configuration list for PBXNativeTarget "HelloTests" */;
			buildPhases = (
				6EC1589E261D2CFE002A7826 /* Sources */,
				6EC1589F261D2CFE002A7826 /* Frameworks */,
				6EC158A0261D2CFE002A7826 /* Resources */,
			);
			buildRules = (
			);
			dependencies = (
				6EC158A4261D2CFE002A7826 /* PBXTargetDependency */,
			);
			name = HelloTests;
			productName = HelloTests;
			productReference = 6EC158A2261D2CFE002A7826 /* HelloTests.xctest */;
			productType = "com.apple.product-type.bundle.unit-test";
		};
		6EC158AC261D2CFE002A7826 /* HelloUITests */ = {
			isa = PBXNativeTarget;
			buildConfigurationList = 6EC158BC261D2CFE002A7826 /* Build configuration list for PBXNativeTarget "HelloUITests" */;
			buildPhases = (
				6EC158A9261D2CFE002A7826 /* Sources */,
				6EC158AA261D2CFE002A7826 /* Frameworks */,
				6EC158AB261D2CFE002A7826 /* Resources */,
			);
			buildRules = (
			);
			dependencies = (
				6EC158AF261D2CFE002A7826 /* PBXTargetDependency */,
			);
			name = HelloUITests;
			productName = HelloUITests;
			productReference = 6EC158AD261D2CFE002A7826 /* HelloUITests.xctest */;
			productType = "com.apple.product-type.bundle.ui-testing";
		};
/* End PBXNativeTarget section */

/* Begin PBXProject section */
		6EC15889261D2CFD002A7826 /* Project object */ = {
			isa = PBXProject;
			attributes = {
				LastSwiftUpdateCheck = 1240;
				LastUpgradeCheck = 1240;
				TargetAttributes = {
					6EC15890261D2CFD002A7826 = {
						CreatedOnToolsVersion = 12.4;
					};
					6EC158A1261D2CFE002A7826 = {
						CreatedOnToolsVersion = 12.4;
						TestTargetID = 6EC15890261D2CFD002A7826;
					};
					6EC158AC261D2CFE002A7826 = {
						CreatedOnToolsVersion = 12.4;
						TestTargetID = 6EC15890261D2CFD002A7826;
					};
				};
			};
			buildConfigurationList = 6EC1588C261D2CFD002A7826 /* Build configuration list for PBXProject "Hello" */;
			compatibilityVersion = "Xcode 9.3";
			developmentRegion = en;
			hasScannedForEncodings = 0;
			knownRegions = (
				en,
				Base,
			);
			mainGroup = 6EC15888261D2CFD002A7826;
			productRefGroup = 6EC15892261D2CFD002A7826 /* Products */;
			projectDirPath = "";
			projectRoot = "";
			targets = (
				6EC15890261D2CFD002A7826 /* Hello */,
				6EC158A1261D2CFE002A7826 /* HelloTests */,
				6EC158AC261D2CFE002A7826 /* HelloUITests */,
			);
		};
/* End PBXProject section */

/* Begin PBXResourcesBuildPhase section */
		6EC1588F261D2CFD002A7826 /* Resources */ = {
			isa = PBXResourcesBuildPhase;
			buildActionMask = 2147483647;
			files = (
				6EC1589C261D2CFD002A7826 /* Preview Assets.xcassets in Resources */,
				6EC15899261D2CFD002A7826 /* Assets.xcassets in Resources */,
			);
			runOnlyForDeploymentPostprocessing = 0;
		};
		6EC158A0261D2CFE002A7826 /* Resources */ = {
			isa = PBXResourcesBuildPhase;
			buildActionMask = 2147483647;
			files = (
			);
			runOnlyForDeploymentPostprocessing = 0;
		};
		6EC158AB261D2CFE002A7826 /* Resources */ = {
			isa = PBXResourcesBuildPhase;
			buildActionMask = 2147483647;
			files = (
			);
			runOnlyForDeploymentPostprocessing = 0;
		};
/* End PBXResourcesBuildPhase section */

/* Begin PBXSourcesBuildPhase section */
		6EC1588D261D2CFD002A7826 /* Sources */ = {
			isa = PBXSourcesBuildPhase;
			buildActionMask = 2147483647;
			files = (
				6EC15897261D2CFD002A7826 /* ContentView.swift in Sources */,
				6EC15895261D2CFD002A7826 /* HelloApp.swift in Sources */,
			);
			runOnlyForDeploymentPostprocessing = 0;
		};
		6EC1589E261D2CFE002A7826 /* Sources */ = {
			isa = PBXSourcesBuildPhase;
			buildActionMask = 2147483647;
			files = (
				6EC158A7261D2CFE002A7826 /* HelloTests.swift in Sources */,
			);
			runOnlyForDeploymentPostprocessing = 0;
		};
		6EC158A9261D2CFE002A7826 /* Sources */ = {
			isa = PBXSourcesBuildPhase;
			buildActionMask = 2147483647;
			files = (
				6EC158B2261D2CFE002A7826 /* HelloUITests.swift in Sources */,
			);
			runOnlyForDeploymentPostprocessing = 0;
		};
/* End PBXSourcesBuildPhase section */

/* Begin PBXTargetDependency section */
		6EC158A4261D2CFE002A7826 /* PBXTargetDependency */ = {
			isa = PBXTargetDependency;
			target = 6EC15890261D2CFD002A7826 /* Hello */;
			targetProxy = 6EC158A3261D2CFE002A7826 /* PBXContainerItemProxy */;
		};
		6EC158AF261D2CFE002A7826 /* PBXTargetDependency */ = {
			isa = PBXTargetDependency;
			target = 6EC15890261D2CFD002A7826 /* Hello */;
			targetProxy = 6EC158AE261D2CFE002A7826 /* PBXContainerItemProxy */;
		};
/* End PBXTargetDependency section */

/* Begin XCBuildConfiguration section */
		6EC158B4261D2CFE002A7826 /* Debug */ = {
			isa = XCBuildConfiguration;
			buildSettings = {
				ALWAYS_SEARCH_USER_PATHS = NO;
				CLANG_ANALYZER_NONNULL = YES;
				CLANG_ANALYZER_NUMBER_OBJECT_CONVERSION = YES_AGGRESSIVE;
				CLANG_CXX_LANGUAGE_STANDARD = "gnu++14";
				CLANG_CXX_LIBRARY = "libc++";
				CLANG_ENABLE_MODULES = YES;
				CLANG_ENABLE_OBJC_ARC = YES;
				CLANG_ENABLE_OBJC_WEAK = YES;
				CLANG_WARN_BLOCK_CAPTURE_AUTORELEASING = YES;
				CLANG_WARN_BOOL_CONVERSION = YES;
				CLANG_WARN_COMMA = YES;
				CLANG_WARN_CONSTANT_CONVERSION = YES;
				CLANG_WARN_DEPRECATED_OBJC_IMPLEMENTATIONS = YES;
				CLANG_WARN_DIRECT_OBJC_ISA_USAGE = YES_ERROR;
				CLANG_WARN_DOCUMENTATION_COMMENTS = YES;
				CLANG_WARN_EMPTY_BODY = YES;
				CLANG_WARN_ENUM_CONVERSION = YES;
				CLANG_WARN_INFINITE_RECURSION = YES;
				CLANG_WARN_INT_CONVERSION = YES;
				CLANG_WARN_NON_LITERAL_NULL_CONVERSION = YES;
				CLANG_WARN_OBJC_IMPLICIT_RETAIN_SELF = YES;
				CLANG_WARN_OBJC_LITERAL_CONVERSION = YES;
				CLANG_WARN_OBJC_ROOT_CLASS = YES_ERROR;
				CLANG_WARN_QUOTED_INCLUDE_IN_FRAMEWORK_HEADER = YES;
				CLANG_WARN_RANGE_LOOP_ANALYSIS = YES;
				CLANG_WARN_STRICT_PROTOTYPES = YES;
				CLANG_WARN_SUSPICIOUS_MOVE = YES;
				CLANG_WARN_UNGUARDED_AVAILABILITY = YES_AGGRESSIVE;
				CLANG_WARN_UNREACHABLE_CODE = YES;
				CLANG_WARN__DUPLICATE_METHOD_MATCH = YES;
				COPY_PHASE_STRIP = NO;
				DEBUG_INFORMATION_FORMAT = dwarf;
				ENABLE_STRICT_OBJC_MSGSEND = YES;
				ENABLE_TESTABILITY = YES;
				GCC_C_LANGUAGE_STANDARD = gnu11;
				GCC_DYNAMIC_NO_PIC = NO;
				GCC_NO_COMMON_BLOCKS = YES;
				GCC_OPTIMIZATION_LEVEL = 0;
				GCC_PREPROCESSOR_DEFINITIONS = (
					"DEBUG=1",
					"$(inherited)",
				);
				GCC_WARN_64_TO_32_BIT_CONVERSION = YES;
				GCC_WARN_ABOUT_RETURN_TYPE = YES_ERROR;
				GCC_WARN_UNDECLARED_SELECTOR = YES;
				GCC_WARN_UNINITIALIZED_AUTOS = YES_AGGRESSIVE;
				GCC_WARN_UNUSED_FUNCTION = YES;
				GCC_WARN_UNUSED_VARIABLE = YES;
				IPHONEOS_DEPLOYMENT_TARGET = 14.4;
				MTL_ENABLE_DEBUG_INFO = INCLUDE_SOURCE;
				MTL_FAST_MATH = YES;
				ONLY_ACTIVE_ARCH = YES;
				SDKROOT = iphoneos;
				SWIFT_ACTIVE_COMPILATION_CONDITIONS = DEBUG;
				SWIFT_OPTIMIZATION_LEVEL = "-Onone";
			};
			name = Debug;
		};
		6EC158B5261D2CFE002A7826 /* Release */ = {
			isa = XCBuildConfiguration;
			buildSettings = {
				ALWAYS_SEARCH_USER_PATHS = NO;
				CLANG_ANALYZER_NONNULL = YES;
				CLANG_ANALYZER_NUMBER_OBJECT_CONVERSION = YES_AGGRESSIVE;
				CLANG_CXX_LANGUAGE_STANDARD = "gnu++14";
				CLANG_CXX_LIBRARY = "libc++";
				CLANG_ENABLE_MODULES = YES;
				CLANG_ENABLE_OBJC_ARC = YES;
				CLANG_ENABLE_OBJC_WEAK = YES;
				CLANG_WARN_BLOCK_CAPTURE_AUTORELEASING = YES;
				CLANG_WARN_BOOL_CONVERSION = YES;
				CLANG_WARN_COMMA = YES;
				CLANG_WARN_CONSTANT_CONVERSION = YES;
				CLANG_WARN_DEPRECATED_OBJC_IMPLEMENTATIONS = YES;
				CLANG_WARN_DIRECT_OBJC_ISA_USAGE = YES_ERROR;
				CLANG_WARN_DOCUMENTATION_COMMENTS = YES;
				CLANG_WARN_EMPTY_BODY = YES;
				CLANG_WARN_ENUM_CONVERSION = YES;
				CLANG_WARN_INFINITE_RECURSION = YES;
				CLANG_WARN_INT_CONVERSION = YES;
				CLANG_WARN_NON_LITERAL_NULL_CONVERSION = YES;
				CLANG_WARN_OBJC_IMPLICIT_RETAIN_SELF = YES;
				CLANG_WARN_OBJC_LITERAL_CONVERSION = YES;
				CLANG_WARN_OBJC_ROOT_CLASS = YES_ERROR;
				CLANG_WARN_QUOTED_INCLUDE_IN_FRAMEWORK_HEADER = YES;
				CLANG_WARN_RANGE_LOOP_ANALYSIS = YES;
				CLANG_WARN_STRICT_PROTOTYPES = YES;
				CLANG_WARN_SUSPICIOUS_MOVE = YES;
				CLANG_WARN_UNGUARDED_AVAILABILITY = YES_AGGRESSIVE;
				CLANG_WARN_UNREACHABLE_CODE = YES;
				CLANG_WARN__DUPLICATE_METHOD_MATCH = YES;
				COPY_PHASE_STRIP = NO;
				DEBUG_INFORMATION_FORMAT = "dwarf-with-dsym";
				ENABLE_NS_ASSERTIONS = NO;
				ENABLE_STRICT_OBJC_MSGSEND = YES;
				GCC_C_LANGUAGE_STANDARD = gnu11;
				GCC_NO_COMMON_BLOCKS = YES;
				GCC_WARN_64_TO_32_BIT_CONVERSION = YES;
				GCC_WARN_ABOUT_RETURN_TYPE = YES_ERROR;
				GCC_WARN_UNDECLARED_SELECTOR = YES;
				GCC_WARN_UNINITIALIZED_AUTOS = YES_AGGRESSIVE;
				GCC_WARN_UNUSED_FUNCTION = YES;
				GCC_WARN_UNUSED_VARIABLE = YES;
				IPHONEOS_DEPLOYMENT_TARGET = 14.4;
				MTL_ENABLE_DEBUG_INFO = NO;
				MTL_FAST_MATH = YES;
				SDKROOT = iphoneos;
				SWIFT_COMPILATION_MODE = wholemodule;
				SWIFT_OPTIMIZATION_LEVEL = "-O";
				VALIDATE_PRODUCT = YES;
			};
			name = Release;
		};
		6EC158B7261D2CFE002A7826 /* Debug */ = {
			isa = XCBuildConfiguration;
			buildSettings = {
				ASSETCATALOG_COMPILER_APPICON_NAME = AppIcon;
				ASSETCATALOG_COMPILER_GLOBAL_ACCENT_COLOR_NAME = AccentColor;
				CODE_SIGN_STYLE = Automatic;
				DEVELOPMENT_ASSET_PATHS = "\"Hello/Preview Content\"";
				ENABLE_PREVIEWS = YES;
				INFOPLIST_FILE = Hello/Info.plist;
				IPHONEOS_DEPLOYMENT_TARGET = 14.0;
				LD_RUNPATH_SEARCH_PATHS = (
					"$(inherited)",
					"@executable_path/Frameworks",
				);
				PRODUCT_BUNDLE_IDENTIFIER = elin6.Hello;
				PRODUCT_NAME = "$(TARGET_NAME)";
				SWIFT_VERSION = 5.0;
				TARGETED_DEVICE_FAMILY = "1,2";
			};
			name = Debug;
		};
		6EC158B8261D2CFE002A7826 /* Release */ = {
			isa = XCBuildConfiguration;
			buildSettings = {
				ASSETCATALOG_COMPILER_APPICON_NAME = AppIcon;
				ASSETCATALOG_COMPILER_GLOBAL_ACCENT_COLOR_NAME = AccentColor;
				CODE_SIGN_STYLE = Automatic;
				DEVELOPMENT_ASSET_PATHS = "\"Hello/Preview Content\"";
				ENABLE_PREVIEWS = YES;
				INFOPLIST_FILE = Hello/Info.plist;
				IPHONEOS_DEPLOYMENT_TARGET = 14.0;
				LD_RUNPATH_SEARCH_PATHS = (
					"$(inherited)",
					"@executable_path/Frameworks",
				);
				PRODUCT_BUNDLE_IDENTIFIER = elin6.Hello;
				PRODUCT_NAME = "$(TARGET_NAME)";
				SWIFT_VERSION = 5.0;
				TARGETED_DEVICE_FAMILY = "1,2";
			};
			name = Release;
		};
		6EC158BA261D2CFE002A7826 /* Debug */ = {
			isa = XCBuildConfiguration;
			buildSettings = {
				ALWAYS_EMBED_SWIFT_STANDARD_LIBRARIES = YES;
				BUNDLE_LOADER = "$(TEST_HOST)";
				CODE_SIGN_STYLE = Automatic;
				INFOPLIST_FILE = HelloTests/Info.plist;
				IPHONEOS_DEPLOYMENT_TARGET = 14.0;
				LD_RUNPATH_SEARCH_PATHS = (
					"$(inherited)",
					"@executable_path/Frameworks",
					"@loader_path/Frameworks",
				);
				PRODUCT_BUNDLE_IDENTIFIER = elin6.HelloTests;
				PRODUCT_NAME = "$(TARGET_NAME)";
				SWIFT_VERSION = 5.0;
				TARGETED_DEVICE_FAMILY = "1,2";
				TEST_HOST = "$(BUILT_PRODUCTS_DIR)/Hello.app/Hello";
			};
			name = Debug;
		};
		6EC158BB261D2CFE002A7826 /* Release */ = {
			isa = XCBuildConfiguration;
			buildSettings = {
				ALWAYS_EMBED_SWIFT_STANDARD_LIBRARIES = YES;
				BUNDLE_LOADER = "$(TEST_HOST)";
				CODE_SIGN_STYLE = Automatic;
				INFOPLIST_FILE = HelloTests/Info.plist;
				IPHONEOS_DEPLOYMENT_TARGET = 14.0;
				LD_RUNPATH_SEARCH_PATHS = (
					"$(inherited)",
					"@executable_path/Frameworks",
					"@loader_path/Frameworks",
				);
				PRODUCT_BUNDLE_IDENTIFIER = elin6.HelloTests;
				PRODUCT_NAME = "$(TARGET_NAME)";
				SWIFT_VERSION = 5.0;
				TARGETED_DEVICE_FAMILY = "1,2";
				TEST_HOST = "$(BUILT_PRODUCTS_DIR)/Hello.app/Hello";
			};
			name = Release;
		};
		6EC158BD261D2CFE002A7826 /* Debug */ = {
			isa = XCBuildConfiguration;
			buildSettings = {
				ALWAYS_EMBED_SWIFT_STANDARD_LIBRARIES = YES;
				CODE_SIGN_STYLE = Automatic;
				INFOPLIST_FILE = HelloUITests/Info.plist;
				LD_RUNPATH_SEARCH_PATHS = (
					"$(inherited)",
					"@executable_path/Frameworks",
					"@loader_path/Frameworks",
				);
				PRODUCT_BUNDLE_IDENTIFIER = elin6.HelloUITests;
				PRODUCT_NAME = "$(TARGET_NAME)";
				SWIFT_VERSION = 5.0;
				TARGETED_DEVICE_FAMILY = "1,2";
				TEST_TARGET_NAME = Hello;
			};
			name = Debug;
		};
		6EC158BE261D2CFE002A7826 /* Release */ = {
			isa = XCBuildConfiguration;
			buildSettings = {
				ALWAYS_EMBED_SWIFT_STANDARD_LIBRARIES = YES;
				CODE_SIGN_STYLE = Automatic;
				INFOPLIST_FILE = HelloUITests/Info.plist;
				LD_RUNPATH_SEARCH_PATHS = (
					"$(inherited)",
					"@executable_path/Frameworks",
					"@loader_path/Frameworks",
				);
				PRODUCT_BUNDLE_IDENTIFIER = elin6.HelloUITests;
				PRODUCT_NAME = "$(TARGET_NAME)";
				SWIFT_VERSION = 5.0;
				TARGETED_DEVICE_FAMILY = "1,2";
				TEST_TARGET_NAME = Hello;
			};
			name = Release;
		};
/* End XCBuildConfiguration section */

/* Begin XCConfigurationList section */
		6EC1588C261D2CFD002A7826 /* Build configuration list for PBXProject "Hello" */ = {
			isa = XCConfigurationList;
			buildConfigurations = (
				6EC158B4261D2CFE002A7826 /* Debug */,
				6EC158B5261D2CFE002A7826 /* Release */,
			);
			defaultConfigurationIsVisible = 0;
			defaultConfigurationName = Release;
		};
		6EC158B6261D2CFE002A7826 /* Build configuration list for PBXNativeTarget "Hello" */ = {
			isa = XCConfigurationList;
			buildConfigurations = (
				6EC158B7261D2CFE002A7826 /* Debug */,
				6EC158B8261D2CFE002A7826 /* Release */,
			);
			defaultConfigurationIsVisible = 0;
			defaultConfigurationName = Release;
		};
		6EC158B9261D2CFE002A7826 /* Build configuration list for PBXNativeTarget "HelloTests" */ = {
			isa = XCConfigurationList;
			buildConfigurations = (
				6EC158BA261D2CFE002A7826 /* Debug */,
				6EC158BB261D2CFE002A7826 /* Release */,
			);
			defaultConfigurationIsVisible = 0;
			defaultConfigurationName = Release;
		};
		6EC158BC261D2CFE002A7826 /* Build configuration list for PBXNativeTarget "HelloUITests" */ = {
			isa = XCConfigurationList;
			buildConfigurations = (
				6EC158BD261D2CFE002A7826 /* Debug */,
				6EC158BE261D2CFE002A7826 /* Release */,
			);
			defaultConfigurationIsVisible = 0;
			defaultConfigurationName = Release;
		};
/* End XCConfigurationList section */
	};
	rootObject = 6EC15889261D2CFD002A7826 /* Project object */;
}
